// !$*UTF8*$!
{
	archiveVersion = 1;
	classes = {
	};
	objectVersion = 46;
	objects = {

/* Begin PBXBuildFile section */
		A16C70381C8EC9AC001BBB16 /* FNAItinerariesView.m in Sources */ = {isa = PBXBuildFile; fileRef = A16C70371C8EC9AC001BBB16 /* FNAItinerariesView.m */; };
		A16C703A1C8EC9BF001BBB16 /* FNAItinerariesView.xib in Resources */ = {isa = PBXBuildFile; fileRef = A16C70391C8EC9BF001BBB16 /* FNAItinerariesView.xib */; };
		A16C703F1C8EE2BC001BBB16 /* FNAItineraryCell.m in Sources */ = {isa = PBXBuildFile; fileRef = A16C703D1C8EE2BC001BBB16 /* FNAItineraryCell.m */; };
		A16C70401C8EE2BC001BBB16 /* FNAItineraryCell.xib in Resources */ = {isa = PBXBuildFile; fileRef = A16C703E1C8EE2BC001BBB16 /* FNAItineraryCell.xib */; };
		A192C3FF1C84AF35009F956F /* FNAMapView.m in Sources */ = {isa = PBXBuildFile; fileRef = A192C3FE1C84AF35009F956F /* FNAMapView.m */; };
		A192C4091C85AB9C009F956F /* FNARestClient.m in Sources */ = {isa = PBXBuildFile; fileRef = A192C4081C85AB9C009F956F /* FNARestClient.m */; };
		A192C4161C889F0B009F956F /* FNASuggestionsDataSource.m in Sources */ = {isa = PBXBuildFile; fileRef = A192C4151C889F0B009F956F /* FNASuggestionsDataSource.m */; };
		A1B515991C7F91C6005EC90D /* main.m in Sources */ = {isa = PBXBuildFile; fileRef = A1B515981C7F91C6005EC90D /* main.m */; };
		A1B5159C1C7F91C6005EC90D /* AppDelegate.m in Sources */ = {isa = PBXBuildFile; fileRef = A1B5159B1C7F91C6005EC90D /* AppDelegate.m */; };
		A1B5159E1C7F91C6005EC90D /* Assets.xcassets in Resources */ = {isa = PBXBuildFile; fileRef = A1B5159D1C7F91C6005EC90D /* Assets.xcassets */; };
		A1B515A11C7F91C6005EC90D /* LaunchScreen.storyboard in Resources */ = {isa = PBXBuildFile; fileRef = A1B5159F1C7F91C6005EC90D /* LaunchScreen.storyboard */; };
		A1B515AC1C7F925E005EC90D /* FNAMapViewController.m in Sources */ = {isa = PBXBuildFile; fileRef = A1B515AA1C7F925E005EC90D /* FNAMapViewController.m */; };
		A1B515AD1C7F925E005EC90D /* FNAMapViewController.xib in Resources */ = {isa = PBXBuildFile; fileRef = A1B515AB1C7F925E005EC90D /* FNAMapViewController.xib */; };
		A1B515AF1C7F9284005EC90D /* MapKit.framework in Frameworks */ = {isa = PBXBuildFile; fileRef = A1B515AE1C7F9284005EC90D /* MapKit.framework */; };
		A1B515B11C7FA2F8005EC90D /* CoreLocation.framework in Frameworks */ = {isa = PBXBuildFile; fileRef = A1B515B01C7FA2F8005EC90D /* CoreLocation.framework */; };
		A1B515B51C8074B2005EC90D /* localization.png in Resources */ = {isa = PBXBuildFile; fileRef = A1B515B41C8074B2005EC90D /* localization.png */; };
		A1D6E4101C81E9310066E310 /* FNAAboutViewController.m in Sources */ = {isa = PBXBuildFile; fileRef = A1D6E40E1C81E9310066E310 /* FNAAboutViewController.m */; };
		A1D6E4111C81E9310066E310 /* FNAAboutViewController.xib in Resources */ = {isa = PBXBuildFile; fileRef = A1D6E40F1C81E9310066E310 /* FNAAboutViewController.xib */; };
/* End PBXBuildFile section */

/* Begin PBXFileReference section */
		A16C70361C8EC9AC001BBB16 /* FNAItinerariesView.h */ = {isa = PBXFileReference; fileEncoding = 4; lastKnownFileType = sourcecode.c.h; path = FNAItinerariesView.h; sourceTree = "<group>"; };
		A16C70371C8EC9AC001BBB16 /* FNAItinerariesView.m */ = {isa = PBXFileReference; fileEncoding = 4; lastKnownFileType = sourcecode.c.objc; path = FNAItinerariesView.m; sourceTree = "<group>"; };
		A16C70391C8EC9BF001BBB16 /* FNAItinerariesView.xib */ = {isa = PBXFileReference; fileEncoding = 4; lastKnownFileType = file.xib; path = FNAItinerariesView.xib; sourceTree = "<group>"; };
		A16C703C1C8EE2BC001BBB16 /* FNAItineraryCell.h */ = {isa = PBXFileReference; fileEncoding = 4; lastKnownFileType = sourcecode.c.h; path = FNAItineraryCell.h; sourceTree = "<group>"; };
		A16C703D1C8EE2BC001BBB16 /* FNAItineraryCell.m */ = {isa = PBXFileReference; fileEncoding = 4; lastKnownFileType = sourcecode.c.objc; path = FNAItineraryCell.m; sourceTree = "<group>"; };
		A16C703E1C8EE2BC001BBB16 /* FNAItineraryCell.xib */ = {isa = PBXFileReference; fileEncoding = 4; lastKnownFileType = file.xib; path = FNAItineraryCell.xib; sourceTree = "<group>"; };
		A192C3FD1C84AF35009F956F /* FNAMapView.h */ = {isa = PBXFileReference; fileEncoding = 4; lastKnownFileType = sourcecode.c.h; path = FNAMapView.h; sourceTree = "<group>"; };
		A192C3FE1C84AF35009F956F /* FNAMapView.m */ = {isa = PBXFileReference; fileEncoding = 4; lastKnownFileType = sourcecode.c.objc; path = FNAMapView.m; sourceTree = "<group>"; };
		A192C4071C85AB9C009F956F /* FNARestClient.h */ = {isa = PBXFileReference; fileEncoding = 4; lastKnownFileType = sourcecode.c.h; path = FNARestClient.h; sourceTree = "<group>"; };
		A192C4081C85AB9C009F956F /* FNARestClient.m */ = {isa = PBXFileReference; fileEncoding = 4; lastKnownFileType = sourcecode.c.objc; path = FNARestClient.m; sourceTree = "<group>"; };
		A192C4141C889F0B009F956F /* FNASuggestionsDataSource.h */ = {isa = PBXFileReference; fileEncoding = 4; lastKnownFileType = sourcecode.c.h; path = FNASuggestionsDataSource.h; sourceTree = "<group>"; };
		A192C4151C889F0B009F956F /* FNASuggestionsDataSource.m */ = {isa = PBXFileReference; fileEncoding = 4; lastKnownFileType = sourcecode.c.objc; path = FNASuggestionsDataSource.m; sourceTree = "<group>"; };
		A1B515941C7F91C6005EC90D /* CTPATH-iOS.app */ = {isa = PBXFileReference; explicitFileType = wrapper.application; includeInIndex = 0; path = "CTPATH-iOS.app"; sourceTree = BUILT_PRODUCTS_DIR; };
		A1B515981C7F91C6005EC90D /* main.m */ = {isa = PBXFileReference; lastKnownFileType = sourcecode.c.objc; path = main.m; sourceTree = "<group>"; };
		A1B5159A1C7F91C6005EC90D /* AppDelegate.h */ = {isa = PBXFileReference; lastKnownFileType = sourcecode.c.h; path = AppDelegate.h; sourceTree = "<group>"; };
		A1B5159B1C7F91C6005EC90D /* AppDelegate.m */ = {isa = PBXFileReference; lastKnownFileType = sourcecode.c.objc; path = AppDelegate.m; sourceTree = "<group>"; };
		A1B5159D1C7F91C6005EC90D /* Assets.xcassets */ = {isa = PBXFileReference; lastKnownFileType = folder.assetcatalog; path = Assets.xcassets; sourceTree = "<group>"; };
		A1B515A01C7F91C6005EC90D /* Base */ = {isa = PBXFileReference; lastKnownFileType = file.storyboard; name = Base; path = Base.lproj/LaunchScreen.storyboard; sourceTree = "<group>"; };
		A1B515A21C7F91C6005EC90D /* Info.plist */ = {isa = PBXFileReference; lastKnownFileType = text.plist.xml; path = Info.plist; sourceTree = "<group>"; };
		A1B515A91C7F925E005EC90D /* FNAMapViewController.h */ = {isa = PBXFileReference; fileEncoding = 4; lastKnownFileType = sourcecode.c.h; path = FNAMapViewController.h; sourceTree = "<group>"; };
		A1B515AA1C7F925E005EC90D /* FNAMapViewController.m */ = {isa = PBXFileReference; fileEncoding = 4; lastKnownFileType = sourcecode.c.objc; path = FNAMapViewController.m; sourceTree = "<group>"; };
		A1B515AB1C7F925E005EC90D /* FNAMapViewController.xib */ = {isa = PBXFileReference; fileEncoding = 4; lastKnownFileType = file.xib; path = FNAMapViewController.xib; sourceTree = "<group>"; };
		A1B515AE1C7F9284005EC90D /* MapKit.framework */ = {isa = PBXFileReference; lastKnownFileType = wrapper.framework; name = MapKit.framework; path = System/Library/Frameworks/MapKit.framework; sourceTree = SDKROOT; };
		A1B515B01C7FA2F8005EC90D /* CoreLocation.framework */ = {isa = PBXFileReference; lastKnownFileType = wrapper.framework; name = CoreLocation.framework; path = System/Library/Frameworks/CoreLocation.framework; sourceTree = SDKROOT; };
		A1B515B41C8074B2005EC90D /* localization.png */ = {isa = PBXFileReference; lastKnownFileType = image.png; path = localization.png; sourceTree = "<group>"; };
		A1D6E40D1C81E9310066E310 /* FNAAboutViewController.h */ = {isa = PBXFileReference; fileEncoding = 4; lastKnownFileType = sourcecode.c.h; path = FNAAboutViewController.h; sourceTree = "<group>"; };
		A1D6E40E1C81E9310066E310 /* FNAAboutViewController.m */ = {isa = PBXFileReference; fileEncoding = 4; lastKnownFileType = sourcecode.c.objc; path = FNAAboutViewController.m; sourceTree = "<group>"; };
		A1D6E40F1C81E9310066E310 /* FNAAboutViewController.xib */ = {isa = PBXFileReference; fileEncoding = 4; lastKnownFileType = file.xib; path = FNAAboutViewController.xib; sourceTree = "<group>"; };
/* End PBXFileReference section */

/* Begin PBXFrameworksBuildPhase section */
		A1B515911C7F91C6005EC90D /* Frameworks */ = {
			isa = PBXFrameworksBuildPhase;
			buildActionMask = 2147483647;
			files = (
				A1B515B11C7FA2F8005EC90D /* CoreLocation.framework in Frameworks */,
				A1B515AF1C7F9284005EC90D /* MapKit.framework in Frameworks */,
			);
			runOnlyForDeploymentPostprocessing = 0;
		};
/* End PBXFrameworksBuildPhase section */

/* Begin PBXGroup section */
		A16C703B1C8EE296001BBB16 /* TableViewCells */ = {
			isa = PBXGroup;
			children = (
				A16C703C1C8EE2BC001BBB16 /* FNAItineraryCell.h */,
				A16C703D1C8EE2BC001BBB16 /* FNAItineraryCell.m */,
				A16C703E1C8EE2BC001BBB16 /* FNAItineraryCell.xib */,
			);
			name = TableViewCells;
			sourceTree = "<group>";
		};
		A192C4001C84B228009F956F /* Other Classes */ = {
			isa = PBXGroup;
			children = (
				A192C3FD1C84AF35009F956F /* FNAMapView.h */,
				A192C3FE1C84AF35009F956F /* FNAMapView.m */,
			);
			name = "Other Classes";
			sourceTree = "<group>";
		};
		A192C4011C84B263009F956F /* Controllers */ = {
			isa = PBXGroup;
			children = (
				A1D6E40C1C81E90B0066E310 /* InfoControllers */,
				A1B515A81C7F91E4005EC90D /* Map Controllers */,
				A16C70361C8EC9AC001BBB16 /* FNAItinerariesView.h */,
				A16C70371C8EC9AC001BBB16 /* FNAItinerariesView.m */,
				A16C70391C8EC9BF001BBB16 /* FNAItinerariesView.xib */,
			);
			name = Controllers;
			sourceTree = "<group>";
		};
		A192C4021C84B71A009F956F /* Delegates */ = {
			isa = PBXGroup;
			children = (
			);
			name = Delegates;
			sourceTree = "<group>";
		};
		A192C4061C85A81F009F956F /* API Accessing */ = {
			isa = PBXGroup;
			children = (
				A192C4071C85AB9C009F956F /* FNARestClient.h */,
				A192C4081C85AB9C009F956F /* FNARestClient.m */,
			);
			name = "API Accessing";
			path = ..;
			sourceTree = "<group>";
		};
		A192C4171C889F10009F956F /* DataSource */ = {
			isa = PBXGroup;
			children = (
				A192C4141C889F0B009F956F /* FNASuggestionsDataSource.h */,
				A192C4151C889F0B009F956F /* FNASuggestionsDataSource.m */,
			);
			name = DataSource;
			sourceTree = "<group>";
		};
		A1B5158B1C7F91C6005EC90D = {
			isa = PBXGroup;
			children = (
				A1B515B41C8074B2005EC90D /* localization.png */,
				A1B515961C7F91C6005EC90D /* CTPATH-iOS */,
				A1B515951C7F91C6005EC90D /* Products */,
				A1D6E40B1C811E420066E310 /* Frameworks */,
			);
			sourceTree = "<group>";
		};
		A1B515951C7F91C6005EC90D /* Products */ = {
			isa = PBXGroup;
			children = (
				A1B515941C7F91C6005EC90D /* CTPATH-iOS.app */,
			);
			name = Products;
			sourceTree = "<group>";
		};
		A1B515961C7F91C6005EC90D /* CTPATH-iOS */ = {
			isa = PBXGroup;
			children = (
				A1B5159A1C7F91C6005EC90D /* AppDelegate.h */,
				A1B5159B1C7F91C6005EC90D /* AppDelegate.m */,
				A192C4061C85A81F009F956F /* API Accessing */,
				A192C4011C84B263009F956F /* Controllers */,
				A192C4171C889F10009F956F /* DataSource */,
				A192C4021C84B71A009F956F /* Delegates */,
				A16C703B1C8EE296001BBB16 /* TableViewCells */,
				A192C4001C84B228009F956F /* Other Classes */,
				A1B5159D1C7F91C6005EC90D /* Assets.xcassets */,
				A1B5159F1C7F91C6005EC90D /* LaunchScreen.storyboard */,
				A1B515A21C7F91C6005EC90D /* Info.plist */,
				A1B515971C7F91C6005EC90D /* Supporting Files */,
			);
			path = "CTPATH-iOS";
			sourceTree = "<group>";
		};
		A1B515971C7F91C6005EC90D /* Supporting Files */ = {
			isa = PBXGroup;
			children = (
				A1B515981C7F91C6005EC90D /* main.m */,
			);
			name = "Supporting Files";
			sourceTree = "<group>";
		};
		A1B515A81C7F91E4005EC90D /* Map Controllers */ = {
			isa = PBXGroup;
			children = (
				A1B515A91C7F925E005EC90D /* FNAMapViewController.h */,
				A1B515AA1C7F925E005EC90D /* FNAMapViewController.m */,
				A1B515AB1C7F925E005EC90D /* FNAMapViewController.xib */,
			);
			name = "Map Controllers";
			sourceTree = "<group>";
		};
		A1D6E40B1C811E420066E310 /* Frameworks */ = {
			isa = PBXGroup;
			children = (
				A1B515B01C7FA2F8005EC90D /* CoreLocation.framework */,
				A1B515AE1C7F9284005EC90D /* MapKit.framework */,
			);
			name = Frameworks;
			sourceTree = "<group>";
		};
		A1D6E40C1C81E90B0066E310 /* InfoControllers */ = {
			isa = PBXGroup;
			children = (
				A1D6E40D1C81E9310066E310 /* FNAAboutViewController.h */,
				A1D6E40E1C81E9310066E310 /* FNAAboutViewController.m */,
				A1D6E40F1C81E9310066E310 /* FNAAboutViewController.xib */,
			);
			name = InfoControllers;
			sourceTree = "<group>";
		};
/* End PBXGroup section */

/* Begin PBXNativeTarget section */
		A1B515931C7F91C6005EC90D /* CTPATH-iOS */ = {
			isa = PBXNativeTarget;
			buildConfigurationList = A1B515A51C7F91C6005EC90D /* Build configuration list for PBXNativeTarget "CTPATH-iOS" */;
			buildPhases = (
				A1B515901C7F91C6005EC90D /* Sources */,
				A1B515911C7F91C6005EC90D /* Frameworks */,
				A1B515921C7F91C6005EC90D /* Resources */,
			);
			buildRules = (
			);
			dependencies = (
			);
			name = "CTPATH-iOS";
			productName = "CTPATH-iOS";
			productReference = A1B515941C7F91C6005EC90D /* CTPATH-iOS.app */;
			productType = "com.apple.product-type.application";
		};
/* End PBXNativeTarget section */

/* Begin PBXProject section */
		A1B5158C1C7F91C6005EC90D /* Project object */ = {
			isa = PBXProject;
			attributes = {
				LastUpgradeCheck = 0720;
				ORGANIZATIONNAME = fran;
				TargetAttributes = {
					A1B515931C7F91C6005EC90D = {
						CreatedOnToolsVersion = 7.2.1;
						DevelopmentTeam = X44M3PTYDX;
					};
				};
			};
			buildConfigurationList = A1B5158F1C7F91C6005EC90D /* Build configuration list for PBXProject "CTPATH-iOS" */;
			compatibilityVersion = "Xcode 3.2";
			developmentRegion = English;
			hasScannedForEncodings = 0;
			knownRegions = (
				en,
				Base,
			);
			mainGroup = A1B5158B1C7F91C6005EC90D;
			productRefGroup = A1B515951C7F91C6005EC90D /* Products */;
			projectDirPath = "";
			projectRoot = "";
			targets = (
				A1B515931C7F91C6005EC90D /* CTPATH-iOS */,
			);
		};
/* End PBXProject section */

/* Begin PBXResourcesBuildPhase section */
		A1B515921C7F91C6005EC90D /* Resources */ = {
			isa = PBXResourcesBuildPhase;
			buildActionMask = 2147483647;
			files = (
				A1B515B51C8074B2005EC90D /* localization.png in Resources */,
				A1D6E4111C81E9310066E310 /* FNAAboutViewController.xib in Resources */,
				A1B515AD1C7F925E005EC90D /* FNAMapViewController.xib in Resources */,
				A1B5159E1C7F91C6005EC90D /* Assets.xcassets in Resources */,
				A16C70401C8EE2BC001BBB16 /* FNAItineraryCell.xib in Resources */,
				A16C703A1C8EC9BF001BBB16 /* FNAItinerariesView.xib in Resources */,
				A1B515A11C7F91C6005EC90D /* LaunchScreen.storyboard in Resources */,
			);
			runOnlyForDeploymentPostprocessing = 0;
		};
/* End PBXResourcesBuildPhase section */

/* Begin PBXSourcesBuildPhase section */
		A1B515901C7F91C6005EC90D /* Sources */ = {
			isa = PBXSourcesBuildPhase;
			buildActionMask = 2147483647;
			files = (
				A192C3FF1C84AF35009F956F /* FNAMapView.m in Sources */,
				A1B5159C1C7F91C6005EC90D /* AppDelegate.m in Sources */,
				A192C4091C85AB9C009F956F /* FNARestClient.m in Sources */,
				A1B515991C7F91C6005EC90D /* main.m in Sources */,
				A1D6E4101C81E9310066E310 /* FNAAboutViewController.m in Sources */,
				A16C703F1C8EE2BC001BBB16 /* FNAItineraryCell.m in Sources */,
				A1B515AC1C7F925E005EC90D /* FNAMapViewController.m in Sources */,
				A16C70381C8EC9AC001BBB16 /* FNAItinerariesView.m in Sources */,
				A192C4161C889F0B009F956F /* FNASuggestionsDataSource.m in Sources */,
			);
			runOnlyForDeploymentPostprocessing = 0;
		};
/* End PBXSourcesBuildPhase section */

/* Begin PBXVariantGroup section */
		A1B5159F1C7F91C6005EC90D /* LaunchScreen.storyboard */ = {
			isa = PBXVariantGroup;
			children = (
				A1B515A01C7F91C6005EC90D /* Base */,
			);
			name = LaunchScreen.storyboard;
			sourceTree = "<group>";
		};
/* End PBXVariantGroup section */

/* Begin XCBuildConfiguration section */
		A1B515A31C7F91C6005EC90D /* Debug */ = {
			isa = XCBuildConfiguration;
			buildSettings = {
				ALWAYS_SEARCH_USER_PATHS = NO;
				CLANG_CXX_LANGUAGE_STANDARD = "gnu++0x";
				CLANG_CXX_LIBRARY = "libc++";
				CLANG_ENABLE_MODULES = YES;
				CLANG_ENABLE_OBJC_ARC = YES;
				CLANG_WARN_BOOL_CONVERSION = YES;
				CLANG_WARN_CONSTANT_CONVERSION = YES;
				CLANG_WARN_DIRECT_OBJC_ISA_USAGE = YES_ERROR;
				CLANG_WARN_EMPTY_BODY = YES;
				CLANG_WARN_ENUM_CONVERSION = YES;
				CLANG_WARN_INT_CONVERSION = YES;
				CLANG_WARN_OBJC_ROOT_CLASS = YES_ERROR;
				CLANG_WARN_UNREACHABLE_CODE = YES;
				CLANG_WARN__DUPLICATE_METHOD_MATCH = YES;
				"CODE_SIGN_IDENTITY[sdk=iphoneos*]" = "iPhone Developer";
				COPY_PHASE_STRIP = NO;
				DEBUG_INFORMATION_FORMAT = dwarf;
				ENABLE_STRICT_OBJC_MSGSEND = YES;
				ENABLE_TESTABILITY = YES;
				GCC_C_LANGUAGE_STANDARD = gnu99;
				GCC_DYNAMIC_NO_PIC = NO;
				GCC_NO_COMMON_BLOCKS = YES;
				GCC_OPTIMIZATION_LEVEL = 0;
				GCC_PREPROCESSOR_DEFINITIONS = (
					"DEBUG=1",
					"$(inherited)",
				);
				GCC_WARN_64_TO_32_BIT_CONVERSION = YES;
				GCC_WARN_ABOUT_RETURN_TYPE = YES_ERROR;
				GCC_WARN_UNDECLARED_SELECTOR = YES;
				GCC_WARN_UNINITIALIZED_AUTOS = YES_AGGRESSIVE;
				GCC_WARN_UNUSED_FUNCTION = YES;
				GCC_WARN_UNUSED_VARIABLE = YES;
				IPHONEOS_DEPLOYMENT_TARGET = 9.2;
				MTL_ENABLE_DEBUG_INFO = YES;
				ONLY_ACTIVE_ARCH = YES;
				SDKROOT = iphoneos;
			};
			name = Debug;
		};
		A1B515A41C7F91C6005EC90D /* Release */ = {
			isa = XCBuildConfiguration;
			buildSettings = {
				ALWAYS_SEARCH_USER_PATHS = NO;
				CLANG_CXX_LANGUAGE_STANDARD = "gnu++0x";
				CLANG_CXX_LIBRARY = "libc++";
				CLANG_ENABLE_MODULES = YES;
				CLANG_ENABLE_OBJC_ARC = YES;
				CLANG_WARN_BOOL_CONVERSION = YES;
				CLANG_WARN_CONSTANT_CONVERSION = YES;
				CLANG_WARN_DIRECT_OBJC_ISA_USAGE = YES_ERROR;
				CLANG_WARN_EMPTY_BODY = YES;
				CLANG_WARN_ENUM_CONVERSION = YES;
				CLANG_WARN_INT_CONVERSION = YES;
				CLANG_WARN_OBJC_ROOT_CLASS = YES_ERROR;
				CLANG_WARN_UNREACHABLE_CODE = YES;
				CLANG_WARN__DUPLICATE_METHOD_MATCH = YES;
				"CODE_SIGN_IDENTITY[sdk=iphoneos*]" = "iPhone Developer";
				COPY_PHASE_STRIP = NO;
				DEBUG_INFORMATION_FORMAT = "dwarf-with-dsym";
				ENABLE_NS_ASSERTIONS = NO;
				ENABLE_STRICT_OBJC_MSGSEND = YES;
				GCC_C_LANGUAGE_STANDARD = gnu99;
				GCC_NO_COMMON_BLOCKS = YES;
				GCC_WARN_64_TO_32_BIT_CONVERSION = YES;
				GCC_WARN_ABOUT_RETURN_TYPE = YES_ERROR;
				GCC_WARN_UNDECLARED_SELECTOR = YES;
				GCC_WARN_UNINITIALIZED_AUTOS = YES_AGGRESSIVE;
				GCC_WARN_UNUSED_FUNCTION = YES;
				GCC_WARN_UNUSED_VARIABLE = YES;
				IPHONEOS_DEPLOYMENT_TARGET = 9.2;
				MTL_ENABLE_DEBUG_INFO = NO;
				SDKROOT = iphoneos;
				VALIDATE_PRODUCT = YES;
			};
			name = Release;
		};
		A1B515A61C7F91C6005EC90D /* Debug */ = {
			isa = XCBuildConfiguration;
			buildSettings = {
				ASSETCATALOG_COMPILER_APPICON_NAME = AppIcon;
				CODE_SIGN_IDENTITY = "iPhone Developer";
				INFOPLIST_FILE = "CTPATH-iOS/Info.plist";
				LD_RUNPATH_SEARCH_PATHS = "$(inherited) @executable_path/Frameworks";
				PRODUCT_BUNDLE_IDENTIFIER = "com.fran.CTPATH-iOS";
				PRODUCT_NAME = "$(TARGET_NAME)";
			};
			name = Debug;
		};
		A1B515A71C7F91C6005EC90D /* Release */ = {
			isa = XCBuildConfiguration;
			buildSettings = {
				ASSETCATALOG_COMPILER_APPICON_NAME = AppIcon;
				CODE_SIGN_IDENTITY = "iPhone Developer";
				INFOPLIST_FILE = "CTPATH-iOS/Info.plist";
				LD_RUNPATH_SEARCH_PATHS = "$(inherited) @executable_path/Frameworks";
				PRODUCT_BUNDLE_IDENTIFIER = "com.fran.CTPATH-iOS";
				PRODUCT_NAME = "$(TARGET_NAME)";
			};
			name = Release;
		};
/* End XCBuildConfiguration section */

/* Begin XCConfigurationList section */
		A1B5158F1C7F91C6005EC90D /* Build configuration list for PBXProject "CTPATH-iOS" */ = {
			isa = XCConfigurationList;
			buildConfigurations = (
				A1B515A31C7F91C6005EC90D /* Debug */,
				A1B515A41C7F91C6005EC90D /* Release */,
			);
			defaultConfigurationIsVisible = 0;
			defaultConfigurationName = Release;
		};
		A1B515A51C7F91C6005EC90D /* Build configuration list for PBXNativeTarget "CTPATH-iOS" */ = {
			isa = XCConfigurationList;
			buildConfigurations = (
				A1B515A61C7F91C6005EC90D /* Debug */,
				A1B515A71C7F91C6005EC90D /* Release */,
			);
			defaultConfigurationIsVisible = 0;
			defaultConfigurationName = Release;
		};
/* End XCConfigurationList section */
	};
	rootObject = A1B5158C1C7F91C6005EC90D /* Project object */;
}
